
Microsoft Visual Studio Solution File, Format Version 12.00
# Visual Studio 15
VisualStudioVersion = 15.0.27130.2027
MinimumVisualStudioVersion = 10.0.40219.1
Project("{FAE04EC0-301F-11D3-BF4B-00C04F79EFBC}") = "Progra_1_Analisis", "Progra_1_Analisis\Progra_1_Analisis.csproj", "{345FAF70-35A6-4338-ACEE-E7FC8F1F58BB}"
EndProject
Global
	GlobalSection(SolutionConfigurationPlatforms) = preSolution
		Debug|Any CPU = Debug|Any CPU
		Release|Any CPU = Release|Any CPU
	EndGlobalSection
	GlobalSection(ProjectConfigurationPlatforms) = postSolution
		{345FAF70-35A6-4338-ACEE-E7FC8F1F58BB}.Debug|Any CPU.ActiveCfg = Debug|Any CPU
		{345FAF70-35A6-4338-ACEE-E7FC8F1F58BB}.Debug|Any CPU.Build.0 = Debug|Any CPU
		{345FAF70-35A6-4338-ACEE-E7FC8F1F58BB}.Release|Any CPU.ActiveCfg = Release|Any CPU
		{345FAF70-35A6-4338-ACEE-E7FC8F1F58BB}.Release|Any CPU.Build.0 = Release|Any CPU
	EndGlobalSection
	GlobalSection(SolutionProperties) = preSolution
		HideSolutionNode = FALSE
	EndGlobalSection
	GlobalSection(ExtensibilityGlobals) = postSolution
		SolutionGuid = {EF0B19CF-2C45-4DC7-8514-59F3F501E0F2}
	EndGlobalSection
EndGlobal
